# This file was autogenerated by Stack.
# You should not edit this file by hand.
# For more information, please see the documentation at:
#   https://docs.haskellstack.org/en/stable/lock_files

packages:
- completed:
    hackage: text-2.0@sha256:86e64bc76fefb8f0f6529d28ddf24b2a29d43591a8b9b7c7094f481a0db2fb7d,7788
    pantry-tree:
      size: 7364
      sha256: 894b84358fbad3cb8c16f224d3d8b7a1d7b6bcae68cda5a9998dd964904a6560
  original:
    hackage: text-2.0
snapshots:
- completed:
    size: 540246
    url: https://raw.githubusercontent.com/commercialhaskell/stackage-snapshots/master/nightly/2022/3/31.yaml
    sha256: 15f4be20b733db3d6e9bfc43f09287720ed57e2389c22ff12d6e6f73b6d181a3
  original: nightly-2022-03-31
