# This file was autogenerated by Stack.
# You should not edit this file by hand.
# For more information, please see the documentation at:
#   https://docs.haskellstack.org/en/stable/lock_files

packages: []
snapshots:
- completed:
    size: 284275
    url: https://raw.githubusercontent.com/commercialhaskell/stackage-snapshots/master/lts/3/0.yaml
    sha256: 0b72ec901c837d0e768bf7231158e0d137cf7a13b3eef230a3823f80f39d73f9
  original: lts-3.0
